
Microsoft Visual Studio Solution File, Format Version 12.00
# Visual Studio Version 16
VisualStudioVersion = 16.0.28917.181
MinimumVisualStudioVersion = 10.0.40219.1
Project("{FAE04EC0-301F-11D3-BF4B-00C04F79EFBC}") = "Assignment_1", "Assignment_1\Assignment_1.csproj", "{D8286156-7064-4BDE-8EDB-64A134DF4908}"
EndProject
Global
	GlobalSection(SolutionConfigurationPlatforms) = preSolution
		Debug|Any CPU = Debug|Any CPU
		Release|Any CPU = Release|Any CPU
	EndGlobalSection
	GlobalSection(ProjectConfigurationPlatforms) = postSolution
		{D8286156-7064-4BDE-8EDB-64A134DF4908}.Debug|Any CPU.ActiveCfg = Debug|Any CPU
		{D8286156-7064-4BDE-8EDB-64A134DF4908}.Debug|Any CPU.Build.0 = Debug|Any CPU
		{D8286156-7064-4BDE-8EDB-64A134DF4908}.Debug|Any CPU.Deploy.0 = Debug|Any CPU
		{D8286156-7064-4BDE-8EDB-64A134DF4908}.Release|Any CPU.ActiveCfg = Release|Any CPU
		{D8286156-7064-4BDE-8EDB-64A134DF4908}.Release|Any CPU.Build.0 = Release|Any CPU
		{D8286156-7064-4BDE-8EDB-64A134DF4908}.Release|Any CPU.Deploy.0 = Release|Any CPU
	EndGlobalSection
	GlobalSection(SolutionProperties) = preSolution
		HideSolutionNode = FALSE
	EndGlobalSection
	GlobalSection(ExtensibilityGlobals) = postSolution
		SolutionGuid = {CC6112EA-D8D1-4F07-B236-ADD8109F7178}
	EndGlobalSection
EndGlobal
